// !$*UTF8*$!
{
	archiveVersion = 1;
	classes = {
	};
	objectVersion = 56;
	objects = {

/* Begin PBXBuildFile section */
		6127C30A2A2274CD00B78BA3 /* HapticManager.swift in Sources */ = {isa = PBXBuildFile; fileRef = 6127C3092A2274CD00B78BA3 /* HapticManager.swift */; };
		614B46EF2A02C72700C31555 /* CDMain.xcdatamodeld in Resources */ = {isa = PBXBuildFile; fileRef = 61DEEF6129F1AE9200AFFF2B /* CDMain.xcdatamodeld */; };
		61574057298ADE51004EEA07 /* GameMonitorDetail.swift in Sources */ = {isa = PBXBuildFile; fileRef = 61574056298ADE51004EEA07 /* GameMonitorDetail.swift */; };
		61574059298C3E20004EEA07 /* GameMonitorGraphs.swift in Sources */ = {isa = PBXBuildFile; fileRef = 61574058298C3E20004EEA07 /* GameMonitorGraphs.swift */; };
		6157405B298D833F004EEA07 /* GoButton.swift in Sources */ = {isa = PBXBuildFile; fileRef = 6157405A298D833F004EEA07 /* GoButton.swift */; };
		6157405F29916200004EEA07 /* SwiftUICharts in Frameworks */ = {isa = PBXBuildFile; productRef = 6157405E29916200004EEA07 /* SwiftUICharts */; };
		61574063299AA1AD004EEA07 /* Details_Graphs.swift in Sources */ = {isa = PBXBuildFile; fileRef = 61574062299AA1AD004EEA07 /* Details_Graphs.swift */; };
		61574065299AA419004EEA07 /* RectangleDivider.swift in Sources */ = {isa = PBXBuildFile; fileRef = 61574064299AA419004EEA07 /* RectangleDivider.swift */; };
		61574067299D4C5B004EEA07 /* GameMonitorRow.swift in Sources */ = {isa = PBXBuildFile; fileRef = 61574066299D4C5B004EEA07 /* GameMonitorRow.swift */; };
		6157406A299D5435004EEA07 /* GameMonitorPullUp.swift in Sources */ = {isa = PBXBuildFile; fileRef = 61574069299D5435004EEA07 /* GameMonitorPullUp.swift */; };
		6157406D29A68CF6004EEA07 /* GameMonitorList.swift in Sources */ = {isa = PBXBuildFile; fileRef = 6157406C29A68CF6004EEA07 /* GameMonitorList.swift */; };
		6157407129AD13D4004EEA07 /* Stopwatch.swift in Sources */ = {isa = PBXBuildFile; fileRef = 6157407029AD13D4004EEA07 /* Stopwatch.swift */; };
		6160B6C429F6DCEE00329DF1 /* WeekdayModels.swift in Sources */ = {isa = PBXBuildFile; fileRef = 6160B6C229F6DCEE00329DF1 /* WeekdayModels.swift */; };
		619DC8B229AD7A6400905FFA /* StopWatchManager.swift in Sources */ = {isa = PBXBuildFile; fileRef = 619DC8B129AD7A6300905FFA /* StopWatchManager.swift */; };
		61A29A10298AD90600517731 /* GameMonitorApp.swift in Sources */ = {isa = PBXBuildFile; fileRef = 61A29A0F298AD90600517731 /* GameMonitorApp.swift */; };
		61A29A12298AD90600517731 /* ContentView.swift in Sources */ = {isa = PBXBuildFile; fileRef = 61A29A11298AD90600517731 /* ContentView.swift */; };
		61A29A14298AD90700517731 /* Assets.xcassets in Resources */ = {isa = PBXBuildFile; fileRef = 61A29A13298AD90700517731 /* Assets.xcassets */; };
		61A29A17298AD90700517731 /* Preview Assets.xcassets in Resources */ = {isa = PBXBuildFile; fileRef = 61A29A16298AD90700517731 /* Preview Assets.xcassets */; };
		61C2521829B90136004727ED /* DynamicButton.swift in Sources */ = {isa = PBXBuildFile; fileRef = 61C2521729B90136004727ED /* DynamicButton.swift */; };
		61C2522029DB268F004727ED /* PersistenceController.swift in Sources */ = {isa = PBXBuildFile; fileRef = 61C2521F29DB268F004727ED /* PersistenceController.swift */; };
		61DEEF6529F1AFDE00AFFF2B /* Extensions.swift in Sources */ = {isa = PBXBuildFile; fileRef = 61DEEF6429F1AFDE00AFFF2B /* Extensions.swift */; };
/* End PBXBuildFile section */

/* Begin PBXFileReference section */
		6127C3092A2274CD00B78BA3 /* HapticManager.swift */ = {isa = PBXFileReference; lastKnownFileType = sourcecode.swift; path = HapticManager.swift; sourceTree = "<group>"; };
		61574056298ADE51004EEA07 /* GameMonitorDetail.swift */ = {isa = PBXFileReference; lastKnownFileType = sourcecode.swift; path = GameMonitorDetail.swift; sourceTree = "<group>"; };
		61574058298C3E20004EEA07 /* GameMonitorGraphs.swift */ = {isa = PBXFileReference; lastKnownFileType = sourcecode.swift; path = GameMonitorGraphs.swift; sourceTree = "<group>"; };
		6157405A298D833F004EEA07 /* GoButton.swift */ = {isa = PBXFileReference; lastKnownFileType = sourcecode.swift; path = GoButton.swift; sourceTree = "<group>"; };
		61574062299AA1AD004EEA07 /* Details_Graphs.swift */ = {isa = PBXFileReference; lastKnownFileType = sourcecode.swift; path = Details_Graphs.swift; sourceTree = "<group>"; };
		61574064299AA419004EEA07 /* RectangleDivider.swift */ = {isa = PBXFileReference; lastKnownFileType = sourcecode.swift; path = RectangleDivider.swift; sourceTree = "<group>"; };
		61574066299D4C5B004EEA07 /* GameMonitorRow.swift */ = {isa = PBXFileReference; lastKnownFileType = sourcecode.swift; path = GameMonitorRow.swift; sourceTree = "<group>"; };
		61574069299D5435004EEA07 /* GameMonitorPullUp.swift */ = {isa = PBXFileReference; lastKnownFileType = sourcecode.swift; path = GameMonitorPullUp.swift; sourceTree = "<group>"; };
		6157406C29A68CF6004EEA07 /* GameMonitorList.swift */ = {isa = PBXFileReference; lastKnownFileType = sourcecode.swift; path = GameMonitorList.swift; sourceTree = "<group>"; };
		6157407029AD13D4004EEA07 /* Stopwatch.swift */ = {isa = PBXFileReference; lastKnownFileType = sourcecode.swift; path = Stopwatch.swift; sourceTree = "<group>"; };
		6160B6C229F6DCEE00329DF1 /* WeekdayModels.swift */ = {isa = PBXFileReference; lastKnownFileType = sourcecode.swift; path = WeekdayModels.swift; sourceTree = "<group>"; };
		619DC8B129AD7A6300905FFA /* StopWatchManager.swift */ = {isa = PBXFileReference; lastKnownFileType = sourcecode.swift; path = StopWatchManager.swift; sourceTree = "<group>"; };
		61A29A0C298AD90600517731 /* GameMonitor.app */ = {isa = PBXFileReference; explicitFileType = wrapper.application; includeInIndex = 0; path = GameMonitor.app; sourceTree = BUILT_PRODUCTS_DIR; };
		61A29A0F298AD90600517731 /* GameMonitorApp.swift */ = {isa = PBXFileReference; lastKnownFileType = sourcecode.swift; path = GameMonitorApp.swift; sourceTree = "<group>"; };
		61A29A11298AD90600517731 /* ContentView.swift */ = {isa = PBXFileReference; lastKnownFileType = sourcecode.swift; path = ContentView.swift; sourceTree = "<group>"; };
		61A29A13298AD90700517731 /* Assets.xcassets */ = {isa = PBXFileReference; lastKnownFileType = folder.assetcatalog; path = Assets.xcassets; sourceTree = "<group>"; };
		61A29A16298AD90700517731 /* Preview Assets.xcassets */ = {isa = PBXFileReference; lastKnownFileType = folder.assetcatalog; path = "Preview Assets.xcassets"; sourceTree = "<group>"; };
		61C2521729B90136004727ED /* DynamicButton.swift */ = {isa = PBXFileReference; lastKnownFileType = sourcecode.swift; path = DynamicButton.swift; sourceTree = "<group>"; };
		61C2521F29DB268F004727ED /* PersistenceController.swift */ = {isa = PBXFileReference; lastKnownFileType = sourcecode.swift; path = PersistenceController.swift; sourceTree = "<group>"; };
		61DEEF6229F1AE9200AFFF2B /* CDMain.xcdatamodel */ = {isa = PBXFileReference; lastKnownFileType = wrapper.xcdatamodel; path = CDMain.xcdatamodel; sourceTree = "<group>"; };
		61DEEF6429F1AFDE00AFFF2B /* Extensions.swift */ = {isa = PBXFileReference; lastKnownFileType = sourcecode.swift; path = Extensions.swift; sourceTree = "<group>"; };
/* End PBXFileReference section */

/* Begin PBXFrameworksBuildPhase section */
		61A29A09298AD90600517731 /* Frameworks */ = {
			isa = PBXFrameworksBuildPhase;
			buildActionMask = 2147483647;
			files = (
				6157405F29916200004EEA07 /* SwiftUICharts in Frameworks */,
			);
			runOnlyForDeploymentPostprocessing = 0;
		};
/* End PBXFrameworksBuildPhase section */

/* Begin PBXGroup section */
		61574054298ADDA9004EEA07 /* Views */ = {
			isa = PBXGroup;
			children = (
				61A29A11298AD90600517731 /* ContentView.swift */,
			);
			name = Views;
			path = Views/Views;
			sourceTree = "<group>";
		};
		61574055298ADDD0004EEA07 /* Models */ = {
			isa = PBXGroup;
			children = (
				619DC8B129AD7A6300905FFA /* StopWatchManager.swift */,
				61DEEF6129F1AE9200AFFF2B /* CDMain.xcdatamodeld */,
				61C2521F29DB268F004727ED /* PersistenceController.swift */,
			);
			path = Models;
			sourceTree = "<group>";
		};
		6157405C298D8342004EEA07 /* Helpers */ = {
			isa = PBXGroup;
			children = (
				6157405A298D833F004EEA07 /* GoButton.swift */,
				61574064299AA419004EEA07 /* RectangleDivider.swift */,
				61574069299D5435004EEA07 /* GameMonitorPullUp.swift */,
				6157407029AD13D4004EEA07 /* Stopwatch.swift */,
				61C2521729B90136004727ED /* DynamicButton.swift */,
				6127C3092A2274CD00B78BA3 /* HapticManager.swift */,
			);
			path = Helpers;
			sourceTree = "<group>";
		};
		61574068299D4CB7004EEA07 /* GameMonitors */ = {
			isa = PBXGroup;
			children = (
				61574066299D4C5B004EEA07 /* GameMonitorRow.swift */,
				6157406C29A68CF6004EEA07 /* GameMonitorList.swift */,
				61574056298ADE51004EEA07 /* GameMonitorDetail.swift */,
				61574058298C3E20004EEA07 /* GameMonitorGraphs.swift */,
				61574062299AA1AD004EEA07 /* Details_Graphs.swift */,
			);
			path = GameMonitors;
			sourceTree = "<group>";
		};
		6157406B29A686DF004EEA07 /* Resources */ = {
			isa = PBXGroup;
			children = (
			);
			path = Resources;
			sourceTree = "<group>";
		};
		61A29A03298AD90600517731 = {
			isa = PBXGroup;
			children = (
				61A29A0E298AD90600517731 /* GameMonitor */,
				61A29A0D298AD90600517731 /* Products */,
			);
			sourceTree = "<group>";
		};
		61A29A0D298AD90600517731 /* Products */ = {
			isa = PBXGroup;
			children = (
				61A29A0C298AD90600517731 /* GameMonitor.app */,
			);
			name = Products;
			sourceTree = "<group>";
		};
		61A29A0E298AD90600517731 /* GameMonitor */ = {
			isa = PBXGroup;
			children = (
				61A29A0F298AD90600517731 /* GameMonitorApp.swift */,
				61574054298ADDA9004EEA07 /* Views */,
				61574068299D4CB7004EEA07 /* GameMonitors */,
				6157405C298D8342004EEA07 /* Helpers */,
				61574055298ADDD0004EEA07 /* Models */,
				6160B6C229F6DCEE00329DF1 /* WeekdayModels.swift */,
				6157406B29A686DF004EEA07 /* Resources */,
				61A29A13298AD90700517731 /* Assets.xcassets */,
				61DEEF6429F1AFDE00AFFF2B /* Extensions.swift */,
				61A29A15298AD90700517731 /* Preview Content */,
			);
			path = GameMonitor;
			sourceTree = "<group>";
		};
		61A29A15298AD90700517731 /* Preview Content */ = {
			isa = PBXGroup;
			children = (
				61A29A16298AD90700517731 /* Preview Assets.xcassets */,
			);
			path = "Preview Content";
			sourceTree = "<group>";
		};
/* End PBXGroup section */

/* Begin PBXNativeTarget section */
		61A29A0B298AD90600517731 /* GameMonitor */ = {
			isa = PBXNativeTarget;
			buildConfigurationList = 61A29A1A298AD90700517731 /* Build configuration list for PBXNativeTarget "GameMonitor" */;
			buildPhases = (
				61A29A08298AD90600517731 /* Sources */,
				61A29A09298AD90600517731 /* Frameworks */,
				61A29A0A298AD90600517731 /* Resources */,
			);
			buildRules = (
			);
			dependencies = (
			);
			name = GameMonitor;
			packageProductDependencies = (
				6157405E29916200004EEA07 /* SwiftUICharts */,
			);
			productName = GameMonitor;
			productReference = 61A29A0C298AD90600517731 /* GameMonitor.app */;
			productType = "com.apple.product-type.application";
		};
/* End PBXNativeTarget section */

/* Begin PBXProject section */
		61A29A04298AD90600517731 /* Project object */ = {
			isa = PBXProject;
			attributes = {
				BuildIndependentTargetsInParallel = 1;
				LastSwiftUpdateCheck = 1420;
				LastUpgradeCheck = 1420;
				TargetAttributes = {
					61A29A0B298AD90600517731 = {
						CreatedOnToolsVersion = 14.2;
					};
				};
			};
			buildConfigurationList = 61A29A07298AD90600517731 /* Build configuration list for PBXProject "GameMonitor" */;
			compatibilityVersion = "Xcode 14.0";
			developmentRegion = en;
			hasScannedForEncodings = 0;
			knownRegions = (
				en,
				Base,
			);
			mainGroup = 61A29A03298AD90600517731;
			packageReferences = (
				6157405D29916200004EEA07 /* XCRemoteSwiftPackageReference "ChartView" */,
			);
			productRefGroup = 61A29A0D298AD90600517731 /* Products */;
			projectDirPath = "";
			projectRoot = "";
			targets = (
				61A29A0B298AD90600517731 /* GameMonitor */,
			);
		};
/* End PBXProject section */

/* Begin PBXResourcesBuildPhase section */
		61A29A0A298AD90600517731 /* Resources */ = {
			isa = PBXResourcesBuildPhase;
			buildActionMask = 2147483647;
			files = (
				614B46EF2A02C72700C31555 /* CDMain.xcdatamodeld in Resources */,
				61A29A17298AD90700517731 /* Preview Assets.xcassets in Resources */,
				61A29A14298AD90700517731 /* Assets.xcassets in Resources */,
			);
			runOnlyForDeploymentPostprocessing = 0;
		};
/* End PBXResourcesBuildPhase section */

/* Begin PBXSourcesBuildPhase section */
		61A29A08298AD90600517731 /* Sources */ = {
			isa = PBXSourcesBuildPhase;
			buildActionMask = 2147483647;
			files = (
				61574057298ADE51004EEA07 /* GameMonitorDetail.swift in Sources */,
				619DC8B229AD7A6400905FFA /* StopWatchManager.swift in Sources */,
				61574059298C3E20004EEA07 /* GameMonitorGraphs.swift in Sources */,
				6157406D29A68CF6004EEA07 /* GameMonitorList.swift in Sources */,
				61574065299AA419004EEA07 /* RectangleDivider.swift in Sources */,
				6127C30A2A2274CD00B78BA3 /* HapticManager.swift in Sources */,
				6157407129AD13D4004EEA07 /* Stopwatch.swift in Sources */,
				61A29A12298AD90600517731 /* ContentView.swift in Sources */,
				6160B6C429F6DCEE00329DF1 /* WeekdayModels.swift in Sources */,
				6157405B298D833F004EEA07 /* GoButton.swift in Sources */,
				61C2522029DB268F004727ED /* PersistenceController.swift in Sources */,
				61A29A10298AD90600517731 /* GameMonitorApp.swift in Sources */,
				61574067299D4C5B004EEA07 /* GameMonitorRow.swift in Sources */,
				61DEEF6529F1AFDE00AFFF2B /* Extensions.swift in Sources */,
				61574063299AA1AD004EEA07 /* Details_Graphs.swift in Sources */,
				6157406A299D5435004EEA07 /* GameMonitorPullUp.swift in Sources */,
				61C2521829B90136004727ED /* DynamicButton.swift in Sources */,
			);
			runOnlyForDeploymentPostprocessing = 0;
		};
/* End PBXSourcesBuildPhase section */

/* Begin XCBuildConfiguration section */
		61A29A18298AD90700517731 /* Debug */ = {
			isa = XCBuildConfiguration;
			buildSettings = {
				ALWAYS_SEARCH_USER_PATHS = NO;
				CLANG_ANALYZER_NONNULL = YES;
				CLANG_ANALYZER_NUMBER_OBJECT_CONVERSION = YES_AGGRESSIVE;
				CLANG_CXX_LANGUAGE_STANDARD = "gnu++20";
				CLANG_ENABLE_MODULES = YES;
				CLANG_ENABLE_OBJC_ARC = YES;
				CLANG_ENABLE_OBJC_WEAK = YES;
				CLANG_WARN_BLOCK_CAPTURE_AUTORELEASING = YES;
				CLANG_WARN_BOOL_CONVERSION = YES;
				CLANG_WARN_COMMA = YES;
				CLANG_WARN_CONSTANT_CONVERSION = YES;
				CLANG_WARN_DEPRECATED_OBJC_IMPLEMENTATIONS = YES;
				CLANG_WARN_DIRECT_OBJC_ISA_USAGE = YES_ERROR;
				CLANG_WARN_DOCUMENTATION_COMMENTS = YES;
				CLANG_WARN_EMPTY_BODY = YES;
				CLANG_WARN_ENUM_CONVERSION = YES;
				CLANG_WARN_INFINITE_RECURSION = YES;
				CLANG_WARN_INT_CONVERSION = YES;
				CLANG_WARN_NON_LITERAL_NULL_CONVERSION = YES;
				CLANG_WARN_OBJC_IMPLICIT_RETAIN_SELF = YES;
				CLANG_WARN_OBJC_LITERAL_CONVERSION = YES;
				CLANG_WARN_OBJC_ROOT_CLASS = YES_ERROR;
				CLANG_WARN_QUOTED_INCLUDE_IN_FRAMEWORK_HEADER = YES;
				CLANG_WARN_RANGE_LOOP_ANALYSIS = YES;
				CLANG_WARN_STRICT_PROTOTYPES = YES;
				CLANG_WARN_SUSPICIOUS_MOVE = YES;
				CLANG_WARN_UNGUARDED_AVAILABILITY = YES_AGGRESSIVE;
				CLANG_WARN_UNREACHABLE_CODE = YES;
				CLANG_WARN__DUPLICATE_METHOD_MATCH = YES;
				COPY_PHASE_STRIP = NO;
				DEBUG_INFORMATION_FORMAT = dwarf;
				ENABLE_STRICT_OBJC_MSGSEND = YES;
				ENABLE_TESTABILITY = YES;
				GCC_C_LANGUAGE_STANDARD = gnu11;
				GCC_DYNAMIC_NO_PIC = NO;
				GCC_NO_COMMON_BLOCKS = YES;
				GCC_OPTIMIZATION_LEVEL = 0;
				GCC_PREPROCESSOR_DEFINITIONS = (
					"DEBUG=1",
					"$(inherited)",
				);
				GCC_WARN_64_TO_32_BIT_CONVERSION = YES;
				GCC_WARN_ABOUT_RETURN_TYPE = YES_ERROR;
				GCC_WARN_UNDECLARED_SELECTOR = YES;
				GCC_WARN_UNINITIALIZED_AUTOS = YES_AGGRESSIVE;
				GCC_WARN_UNUSED_FUNCTION = YES;
				GCC_WARN_UNUSED_VARIABLE = YES;
				IPHONEOS_DEPLOYMENT_TARGET = 16.4;
				MTL_ENABLE_DEBUG_INFO = INCLUDE_SOURCE;
				MTL_FAST_MATH = YES;
				ONLY_ACTIVE_ARCH = YES;
				SDKROOT = iphoneos;
				SWIFT_ACTIVE_COMPILATION_CONDITIONS = DEBUG;
				SWIFT_OPTIMIZATION_LEVEL = "-Onone";
			};
			name = Debug;
		};
		61A29A19298AD90700517731 /* Release */ = {
			isa = XCBuildConfiguration;
			buildSettings = {
				ALWAYS_SEARCH_USER_PATHS = NO;
				CLANG_ANALYZER_NONNULL = YES;
				CLANG_ANALYZER_NUMBER_OBJECT_CONVERSION = YES_AGGRESSIVE;
				CLANG_CXX_LANGUAGE_STANDARD = "gnu++20";
				CLANG_ENABLE_MODULES = YES;
				CLANG_ENABLE_OBJC_ARC = YES;
				CLANG_ENABLE_OBJC_WEAK = YES;
				CLANG_WARN_BLOCK_CAPTURE_AUTORELEASING = YES;
				CLANG_WARN_BOOL_CONVERSION = YES;
				CLANG_WARN_COMMA = YES;
				CLANG_WARN_CONSTANT_CONVERSION = YES;
				CLANG_WARN_DEPRECATED_OBJC_IMPLEMENTATIONS = YES;
				CLANG_WARN_DIRECT_OBJC_ISA_USAGE = YES_ERROR;
				CLANG_WARN_DOCUMENTATION_COMMENTS = YES;
				CLANG_WARN_EMPTY_BODY = YES;
				CLANG_WARN_ENUM_CONVERSION = YES;
				CLANG_WARN_INFINITE_RECURSION = YES;
				CLANG_WARN_INT_CONVERSION = YES;
				CLANG_WARN_NON_LITERAL_NULL_CONVERSION = YES;
				CLANG_WARN_OBJC_IMPLICIT_RETAIN_SELF = YES;
				CLANG_WARN_OBJC_LITERAL_CONVERSION = YES;
				CLANG_WARN_OBJC_ROOT_CLASS = YES_ERROR;
				CLANG_WARN_QUOTED_INCLUDE_IN_FRAMEWORK_HEADER = YES;
				CLANG_WARN_RANGE_LOOP_ANALYSIS = YES;
				CLANG_WARN_STRICT_PROTOTYPES = YES;
				CLANG_WARN_SUSPICIOUS_MOVE = YES;
				CLANG_WARN_UNGUARDED_AVAILABILITY = YES_AGGRESSIVE;
				CLANG_WARN_UNREACHABLE_CODE = YES;
				CLANG_WARN__DUPLICATE_METHOD_MATCH = YES;
				COPY_PHASE_STRIP = NO;
				DEBUG_INFORMATION_FORMAT = "dwarf-with-dsym";
				ENABLE_NS_ASSERTIONS = NO;
				ENABLE_STRICT_OBJC_MSGSEND = YES;
				GCC_C_LANGUAGE_STANDARD = gnu11;
				GCC_NO_COMMON_BLOCKS = YES;
				GCC_WARN_64_TO_32_BIT_CONVERSION = YES;
				GCC_WARN_ABOUT_RETURN_TYPE = YES_ERROR;
				GCC_WARN_UNDECLARED_SELECTOR = YES;
				GCC_WARN_UNINITIALIZED_AUTOS = YES_AGGRESSIVE;
				GCC_WARN_UNUSED_FUNCTION = YES;
				GCC_WARN_UNUSED_VARIABLE = YES;
				IPHONEOS_DEPLOYMENT_TARGET = 16.4;
				MTL_ENABLE_DEBUG_INFO = NO;
				MTL_FAST_MATH = YES;
				SDKROOT = iphoneos;
				SWIFT_COMPILATION_MODE = wholemodule;
				SWIFT_OPTIMIZATION_LEVEL = "-O";
				VALIDATE_PRODUCT = YES;
			};
			name = Release;
		};
		61A29A1B298AD90700517731 /* Debug */ = {
			isa = XCBuildConfiguration;
			buildSettings = {
				ASSETCATALOG_COMPILER_APPICON_NAME = AppIcon;
				ASSETCATALOG_COMPILER_GLOBAL_ACCENT_COLOR_NAME = AccentColor;
				CODE_SIGN_STYLE = Automatic;
				CURRENT_PROJECT_VERSION = 1;
				DEVELOPMENT_ASSET_PATHS = "\"GameMonitor/Preview Content\"";
				DEVELOPMENT_TEAM = 33RBW6J42A;
				ENABLE_PREVIEWS = YES;
				GENERATE_INFOPLIST_FILE = YES;
				INFOPLIST_KEY_UIApplicationSceneManifest_Generation = YES;
				INFOPLIST_KEY_UIApplicationSupportsIndirectInputEvents = YES;
				INFOPLIST_KEY_UILaunchScreen_Generation = YES;
				INFOPLIST_KEY_UISupportedInterfaceOrientations = UIInterfaceOrientationPortrait;
				IPHONEOS_DEPLOYMENT_TARGET = 16.4;
				LD_RUNPATH_SEARCH_PATHS = (
					"$(inherited)",
					"@executable_path/Frameworks",
				);
				MARKETING_VERSION = 1.0;
				PRODUCT_BUNDLE_IDENTIFIER = com.GameMonitor;
				PRODUCT_NAME = "$(TARGET_NAME)";
				SWIFT_EMIT_LOC_STRINGS = YES;
				SWIFT_VERSION = 5.0;
				TARGETED_DEVICE_FAMILY = "1,2";
			};
			name = Debug;
		};
		61A29A1C298AD90700517731 /* Release */ = {
			isa = XCBuildConfiguration;
			buildSettings = {
				ASSETCATALOG_COMPILER_APPICON_NAME = AppIcon;
				ASSETCATALOG_COMPILER_GLOBAL_ACCENT_COLOR_NAME = AccentColor;
				CODE_SIGN_STYLE = Automatic;
				CURRENT_PROJECT_VERSION = 1;
				DEVELOPMENT_ASSET_PATHS = "\"GameMonitor/Preview Content\"";
				DEVELOPMENT_TEAM = 33RBW6J42A;
				ENABLE_PREVIEWS = YES;
				GENERATE_INFOPLIST_FILE = YES;
				INFOPLIST_KEY_UIApplicationSceneManifest_Generation = YES;
				INFOPLIST_KEY_UIApplicationSupportsIndirectInputEvents = YES;
				INFOPLIST_KEY_UILaunchScreen_Generation = YES;
				INFOPLIST_KEY_UISupportedInterfaceOrientations = UIInterfaceOrientationPortrait;
				IPHONEOS_DEPLOYMENT_TARGET = 16.4;
				LD_RUNPATH_SEARCH_PATHS = (
					"$(inherited)",
					"@executable_path/Frameworks",
				);
				MARKETING_VERSION = 1.0;
				PRODUCT_BUNDLE_IDENTIFIER = com.GameMonitor;
				PRODUCT_NAME = "$(TARGET_NAME)";
				SWIFT_EMIT_LOC_STRINGS = YES;
				SWIFT_VERSION = 5.0;
				TARGETED_DEVICE_FAMILY = "1,2";
			};
			name = Release;
		};
/* End XCBuildConfiguration section */

/* Begin XCConfigurationList section */
		61A29A07298AD90600517731 /* Build configuration list for PBXProject "GameMonitor" */ = {
			isa = XCConfigurationList;
			buildConfigurations = (
				61A29A18298AD90700517731 /* Debug */,
				61A29A19298AD90700517731 /* Release */,
			);
			defaultConfigurationIsVisible = 0;
			defaultConfigurationName = Release;
		};
		61A29A1A298AD90700517731 /* Build configuration list for PBXNativeTarget "GameMonitor" */ = {
			isa = XCConfigurationList;
			buildConfigurations = (
				61A29A1B298AD90700517731 /* Debug */,
				61A29A1C298AD90700517731 /* Release */,
			);
			defaultConfigurationIsVisible = 0;
			defaultConfigurationName = Release;
		};
/* End XCConfigurationList section */

/* Begin XCRemoteSwiftPackageReference section */
		6157405D29916200004EEA07 /* XCRemoteSwiftPackageReference "ChartView" */ = {
			isa = XCRemoteSwiftPackageReference;
			repositoryURL = "https://github.com/AppPear/ChartView";
			requirement = {
				kind = upToNextMajorVersion;
				minimumVersion = 1.0.0;
			};
		};
/* End XCRemoteSwiftPackageReference section */

/* Begin XCSwiftPackageProductDependency section */
		6157405E29916200004EEA07 /* SwiftUICharts */ = {
			isa = XCSwiftPackageProductDependency;
			package = 6157405D29916200004EEA07 /* XCRemoteSwiftPackageReference "ChartView" */;
			productName = SwiftUICharts;
		};
/* End XCSwiftPackageProductDependency section */

/* Begin XCVersionGroup section */
		61DEEF6129F1AE9200AFFF2B /* CDMain.xcdatamodeld */ = {
			isa = XCVersionGroup;
			children = (
				61DEEF6229F1AE9200AFFF2B /* CDMain.xcdatamodel */,
			);
			currentVersion = 61DEEF6229F1AE9200AFFF2B /* CDMain.xcdatamodel */;
			path = CDMain.xcdatamodeld;
			sourceTree = "<group>";
			versionGroupType = wrapper.xcdatamodel;
		};
/* End XCVersionGroup section */
	};
	rootObject = 61A29A04298AD90600517731 /* Project object */;
}
